
Microsoft Visual Studio Solution File, Format Version 12.00
# Visual Studio Version 17
VisualStudioVersion = 17.9.34902.65
MinimumVisualStudioVersion = 10.0.40219.1
Project("{9A19103F-16F7-4668-BE54-9A1E7A4F7556}") = "MickeyWebUtility", "MickeyWebUtility\MickeyWebUtility.csproj", "{A13EA550-4B18-43E7-B28D-5E86F3871CB4}"
EndProject
Global
	GlobalSection(SolutionConfigurationPlatforms) = preSolution
		Debug|Any CPU = Debug|Any CPU
		Release|Any CPU = Release|Any CPU
	EndGlobalSection
	GlobalSection(ProjectConfigurationPlatforms) = postSolution
		{A13EA550-4B18-43E7-B28D-5E86F3871CB4}.Debug|Any CPU.ActiveCfg = Debug|Any CPU
		{A13EA550-4B18-43E7-B28D-5E86F3871CB4}.Debug|Any CPU.Build.0 = Debug|Any CPU
		{A13EA550-4B18-43E7-B28D-5E86F3871CB4}.Release|Any CPU.ActiveCfg = Release|Any CPU
		{A13EA550-4B18-43E7-B28D-5E86F3871CB4}.Release|Any CPU.Build.0 = Release|Any CPU
	EndGlobalSection
	GlobalSection(SolutionProperties) = preSolution
		HideSolutionNode = FALSE
	EndGlobalSection
	GlobalSection(ExtensibilityGlobals) = postSolution
		SolutionGuid = {8B1450A0-5FF8-4B75-9672-0D91CCAD2B86}
	EndGlobalSection
EndGlobal
